[{<<"cowlib">>,
  {git,"https://github.com/ninenines/cowlib",
       {ref,"f8d0ad7f19b5dddd33cbfb089ebd2e2be2a81a5d"}},
  1},
 {<<"gun">>,
  {git,"https://github.com/ninenines/gun.git",
       {ref,"627b8f9ed65da255afaddd166b1b9d102e0fa512"}},
  0},
 {<<"jiffy">>,
  {git,"https://github.com/davisp/jiffy.git",
       {ref,"50daa80a62a97ffb6dd46ea9cb8ccb4930cbf1ae"}},
  0},
 {<<"poolboy">>,
  {git,"https://github.com/devinus/poolboy.git",
       {ref,"29be47db8c2be38b18c908e43a80ebb7b9b6116b"}},
  0}].
